// !$*UTF8*$!
{
	archiveVersion = 1;
	classes = {
	};
	objectVersion = 50;
	objects = {

/* Begin PBXBuildFile section */
		CD2EF24221EE6F12000F62B5 /* ViewController.swift in Sources */ = {isa = PBXBuildFile; fileRef = CD2EF24121EE6F12000F62B5 /* ViewController.swift */; };
		CD698CD221F7C44700D1CD79 /* dataUpdater.swift in Sources */ = {isa = PBXBuildFile; fileRef = CD698CD121F7C44700D1CD79 /* dataUpdater.swift */; };
		CD73B9BA21D0C8C4000B12CE /* weatherSymbolKeyCode.swift in Sources */ = {isa = PBXBuildFile; fileRef = CD73B9B921D0C8C4000B12CE /* weatherSymbolKeyCode.swift */; };
		CD73BBD821D0F881001206A0 /* weatherLegendRowController.swift in Sources */ = {isa = PBXBuildFile; fileRef = CD73BBD721D0F881001206A0 /* weatherLegendRowController.swift */; };
		CD7A66D321CADFB100BE499F /* AppDelegate.swift in Sources */ = {isa = PBXBuildFile; fileRef = CD7A66D221CADFB100BE499F /* AppDelegate.swift */; };
		CD7A66DA21CADFB100BE499F /* Main.storyboard in Resources */ = {isa = PBXBuildFile; fileRef = CD7A66D821CADFB100BE499F /* Main.storyboard */; };
		CD7A66DC21CADFB300BE499F /* Assets.xcassets in Resources */ = {isa = PBXBuildFile; fileRef = CD7A66DB21CADFB300BE499F /* Assets.xcassets */; };
		CD7A66DF21CADFB300BE499F /* LaunchScreen.storyboard in Resources */ = {isa = PBXBuildFile; fileRef = CD7A66DD21CADFB300BE499F /* LaunchScreen.storyboard */; };
		CD7A66EA21CADFB300BE499F /* MetarTafTests.swift in Sources */ = {isa = PBXBuildFile; fileRef = CD7A66E921CADFB300BE499F /* MetarTafTests.swift */; };
		CD7A66F521CADFB300BE499F /* MetarTafUITests.swift in Sources */ = {isa = PBXBuildFile; fileRef = CD7A66F421CADFB300BE499F /* MetarTafUITests.swift */; };
		CD7A670821CAE62B00BE499F /* Interface.storyboard in Resources */ = {isa = PBXBuildFile; fileRef = CD7A670621CAE62B00BE499F /* Interface.storyboard */; };
		CD7A670A21CAE62D00BE499F /* Assets.xcassets in Resources */ = {isa = PBXBuildFile; fileRef = CD7A670921CAE62D00BE499F /* Assets.xcassets */; };
		CD7A671121CAE62D00BE499F /* MetarTafWtach Extension.appex in Embed App Extensions */ = {isa = PBXBuildFile; fileRef = CD7A671021CAE62D00BE499F /* MetarTafWtach Extension.appex */; settings = {ATTRIBUTES = (RemoveHeadersOnCopy, ); }; };
		CD7A671621CAE62D00BE499F /* MainInterfaceController.swift in Sources */ = {isa = PBXBuildFile; fileRef = CD7A671521CAE62D00BE499F /* MainInterfaceController.swift */; };
		CD7A671821CAE62D00BE499F /* ExtensionDelegate.swift in Sources */ = {isa = PBXBuildFile; fileRef = CD7A671721CAE62D00BE499F /* ExtensionDelegate.swift */; };
		CD7A671A21CAE62D00BE499F /* NotificationController.swift in Sources */ = {isa = PBXBuildFile; fileRef = CD7A671921CAE62D00BE499F /* NotificationController.swift */; };
		CD7A671C21CAE62D00BE499F /* ComplicationController.swift in Sources */ = {isa = PBXBuildFile; fileRef = CD7A671B21CAE62D00BE499F /* ComplicationController.swift */; };
		CD7A671E21CAE62E00BE499F /* Assets.xcassets in Resources */ = {isa = PBXBuildFile; fileRef = CD7A671D21CAE62E00BE499F /* Assets.xcassets */; };
		CD7A672321CAE62E00BE499F /* MetarTafWtach.app in Embed Watch Content */ = {isa = PBXBuildFile; fileRef = CD7A670421CAE62B00BE499F /* MetarTafWtach.app */; };
		CD7A672D21CAE6DB00BE499F /* airportRowController.swift in Sources */ = {isa = PBXBuildFile; fileRef = CD7A672C21CAE6DB00BE499F /* airportRowController.swift */; };
		CD7A673121CEDA7000BE499F /* airportDetailCode.swift in Sources */ = {isa = PBXBuildFile; fileRef = CD7A673021CEDA7000BE499F /* airportDetailCode.swift */; };
		CD80E1A121DD480B0073C975 /* setAirportRowController.swift in Sources */ = {isa = PBXBuildFile; fileRef = CD80E1A021DD480B0073C975 /* setAirportRowController.swift */; };
		CD80E1A321DD492F0073C975 /* setAirportController.swift in Sources */ = {isa = PBXBuildFile; fileRef = CD80E1A221DD492F0073C975 /* setAirportController.swift */; };
		CD80E1A521DD547F0073C975 /* inputAirport.swift in Sources */ = {isa = PBXBuildFile; fileRef = CD80E1A421DD547F0073C975 /* inputAirport.swift */; };
		CD947DEF222EB0D30044D55D /* locationTools.swift in Sources */ = {isa = PBXBuildFile; fileRef = CD947DEE222EB0D30044D55D /* locationTools.swift */; };
		CDC28A3A220721F200DD3B0F /* runwayCalculations.swift in Sources */ = {isa = PBXBuildFile; fileRef = CDC28A39220721F200DD3B0F /* runwayCalculations.swift */; };
		CDED946D2206075C005584F0 /* tafRowController.swift in Sources */ = {isa = PBXBuildFile; fileRef = CDED946C2206075C005584F0 /* tafRowController.swift */; };
		CDFF10B421D3CBD90034718E /* altitudeInterfaceController.swift in Sources */ = {isa = PBXBuildFile; fileRef = CDFF10B321D3CBD90034718E /* altitudeInterfaceController.swift */; };
/* End PBXBuildFile section */

/* Begin PBXContainerItemProxy section */
		CD7A66E621CADFB300BE499F /* PBXContainerItemProxy */ = {
			isa = PBXContainerItemProxy;
			containerPortal = CD7A66C721CADFB100BE499F /* Project object */;
			proxyType = 1;
			remoteGlobalIDString = CD7A66CE21CADFB100BE499F;
			remoteInfo = MetarTaf;
		};
		CD7A66F121CADFB300BE499F /* PBXContainerItemProxy */ = {
			isa = PBXContainerItemProxy;
			containerPortal = CD7A66C721CADFB100BE499F /* Project object */;
			proxyType = 1;
			remoteGlobalIDString = CD7A66CE21CADFB100BE499F;
			remoteInfo = MetarTaf;
		};
		CD7A671221CAE62D00BE499F /* PBXContainerItemProxy */ = {
			isa = PBXContainerItemProxy;
			containerPortal = CD7A66C721CADFB100BE499F /* Project object */;
			proxyType = 1;
			remoteGlobalIDString = CD7A670F21CAE62D00BE499F;
			remoteInfo = "MetarTafWtach Extension";
		};
		CD7A672121CAE62E00BE499F /* PBXContainerItemProxy */ = {
			isa = PBXContainerItemProxy;
			containerPortal = CD7A66C721CADFB100BE499F /* Project object */;
			proxyType = 1;
			remoteGlobalIDString = CD7A670321CAE62B00BE499F;
			remoteInfo = MetarTafWtach;
		};
/* End PBXContainerItemProxy section */

/* Begin PBXCopyFilesBuildPhase section */
		CD7A672721CAE62E00BE499F /* Embed App Extensions */ = {
			isa = PBXCopyFilesBuildPhase;
			buildActionMask = 2147483647;
			dstPath = "";
			dstSubfolderSpec = 13;
			files = (
				CD7A671121CAE62D00BE499F /* MetarTafWtach Extension.appex in Embed App Extensions */,
			);
			name = "Embed App Extensions";
			runOnlyForDeploymentPostprocessing = 0;
		};
		CD7A672B21CAE62E00BE499F /* Embed Watch Content */ = {
			isa = PBXCopyFilesBuildPhase;
			buildActionMask = 2147483647;
			dstPath = "$(CONTENTS_FOLDER_PATH)/Watch";
			dstSubfolderSpec = 16;
			files = (
				CD7A672321CAE62E00BE499F /* MetarTafWtach.app in Embed Watch Content */,
			);
			name = "Embed Watch Content";
			runOnlyForDeploymentPostprocessing = 0;
		};
/* End PBXCopyFilesBuildPhase section */

/* Begin PBXFileReference section */
		CD2EF24121EE6F12000F62B5 /* ViewController.swift */ = {isa = PBXFileReference; lastKnownFileType = sourcecode.swift; path = ViewController.swift; sourceTree = "<group>"; };
		CD698CD121F7C44700D1CD79 /* dataUpdater.swift */ = {isa = PBXFileReference; lastKnownFileType = sourcecode.swift; path = dataUpdater.swift; sourceTree = "<group>"; };
		CD73B9B921D0C8C4000B12CE /* weatherSymbolKeyCode.swift */ = {isa = PBXFileReference; lastKnownFileType = sourcecode.swift; path = weatherSymbolKeyCode.swift; sourceTree = "<group>"; };
		CD73BBD721D0F881001206A0 /* weatherLegendRowController.swift */ = {isa = PBXFileReference; lastKnownFileType = sourcecode.swift; path = weatherLegendRowController.swift; sourceTree = "<group>"; };
		CD7A66CF21CADFB100BE499F /* MetarTaf.app */ = {isa = PBXFileReference; explicitFileType = wrapper.application; includeInIndex = 0; path = MetarTaf.app; sourceTree = BUILT_PRODUCTS_DIR; };
		CD7A66D221CADFB100BE499F /* AppDelegate.swift */ = {isa = PBXFileReference; lastKnownFileType = sourcecode.swift; path = AppDelegate.swift; sourceTree = "<group>"; };
		CD7A66D921CADFB100BE499F /* Base */ = {isa = PBXFileReference; lastKnownFileType = file.storyboard; name = Base; path = Base.lproj/Main.storyboard; sourceTree = "<group>"; };
		CD7A66DB21CADFB300BE499F /* Assets.xcassets */ = {isa = PBXFileReference; lastKnownFileType = folder.assetcatalog; path = Assets.xcassets; sourceTree = "<group>"; };
		CD7A66DE21CADFB300BE499F /* Base */ = {isa = PBXFileReference; lastKnownFileType = file.storyboard; name = Base; path = Base.lproj/LaunchScreen.storyboard; sourceTree = "<group>"; };
		CD7A66E021CADFB300BE499F /* Info.plist */ = {isa = PBXFileReference; lastKnownFileType = text.plist.xml; path = Info.plist; sourceTree = "<group>"; };
		CD7A66E521CADFB300BE499F /* MetarTafTests.xctest */ = {isa = PBXFileReference; explicitFileType = wrapper.cfbundle; includeInIndex = 0; path = MetarTafTests.xctest; sourceTree = BUILT_PRODUCTS_DIR; };
		CD7A66E921CADFB300BE499F /* MetarTafTests.swift */ = {isa = PBXFileReference; lastKnownFileType = sourcecode.swift; path = MetarTafTests.swift; sourceTree = "<group>"; };
		CD7A66EB21CADFB300BE499F /* Info.plist */ = {isa = PBXFileReference; lastKnownFileType = text.plist.xml; path = Info.plist; sourceTree = "<group>"; };
		CD7A66F021CADFB300BE499F /* MetarTafUITests.xctest */ = {isa = PBXFileReference; explicitFileType = wrapper.cfbundle; includeInIndex = 0; path = MetarTafUITests.xctest; sourceTree = BUILT_PRODUCTS_DIR; };
		CD7A66F421CADFB300BE499F /* MetarTafUITests.swift */ = {isa = PBXFileReference; lastKnownFileType = sourcecode.swift; path = MetarTafUITests.swift; sourceTree = "<group>"; };
		CD7A66F621CADFB300BE499F /* Info.plist */ = {isa = PBXFileReference; lastKnownFileType = text.plist.xml; path = Info.plist; sourceTree = "<group>"; };
		CD7A670421CAE62B00BE499F /* MetarTafWtach.app */ = {isa = PBXFileReference; explicitFileType = wrapper.application; includeInIndex = 0; path = MetarTafWtach.app; sourceTree = BUILT_PRODUCTS_DIR; };
		CD7A670721CAE62B00BE499F /* Base */ = {isa = PBXFileReference; lastKnownFileType = file.storyboard; name = Base; path = Base.lproj/Interface.storyboard; sourceTree = "<group>"; };
		CD7A670921CAE62D00BE499F /* Assets.xcassets */ = {isa = PBXFileReference; lastKnownFileType = folder.assetcatalog; path = Assets.xcassets; sourceTree = "<group>"; };
		CD7A670B21CAE62D00BE499F /* Info.plist */ = {isa = PBXFileReference; lastKnownFileType = text.plist.xml; path = Info.plist; sourceTree = "<group>"; };
		CD7A671021CAE62D00BE499F /* MetarTafWtach Extension.appex */ = {isa = PBXFileReference; explicitFileType = "wrapper.app-extension"; includeInIndex = 0; path = "MetarTafWtach Extension.appex"; sourceTree = BUILT_PRODUCTS_DIR; };
		CD7A671521CAE62D00BE499F /* MainInterfaceController.swift */ = {isa = PBXFileReference; lastKnownFileType = sourcecode.swift; path = MainInterfaceController.swift; sourceTree = "<group>"; };
		CD7A671721CAE62D00BE499F /* ExtensionDelegate.swift */ = {isa = PBXFileReference; lastKnownFileType = sourcecode.swift; path = ExtensionDelegate.swift; sourceTree = "<group>"; };
		CD7A671921CAE62D00BE499F /* NotificationController.swift */ = {isa = PBXFileReference; lastKnownFileType = sourcecode.swift; path = NotificationController.swift; sourceTree = "<group>"; };
		CD7A671B21CAE62D00BE499F /* ComplicationController.swift */ = {isa = PBXFileReference; lastKnownFileType = sourcecode.swift; path = ComplicationController.swift; sourceTree = "<group>"; };
		CD7A671D21CAE62E00BE499F /* Assets.xcassets */ = {isa = PBXFileReference; lastKnownFileType = folder.assetcatalog; path = Assets.xcassets; sourceTree = "<group>"; };
		CD7A671F21CAE62E00BE499F /* Info.plist */ = {isa = PBXFileReference; lastKnownFileType = text.plist.xml; path = Info.plist; sourceTree = "<group>"; };
		CD7A672021CAE62E00BE499F /* PushNotificationPayload.apns */ = {isa = PBXFileReference; lastKnownFileType = text; path = PushNotificationPayload.apns; sourceTree = "<group>"; };
		CD7A672C21CAE6DB00BE499F /* airportRowController.swift */ = {isa = PBXFileReference; lastKnownFileType = sourcecode.swift; path = airportRowController.swift; sourceTree = "<group>"; };
		CD7A673021CEDA7000BE499F /* airportDetailCode.swift */ = {isa = PBXFileReference; lastKnownFileType = sourcecode.swift; path = airportDetailCode.swift; sourceTree = "<group>"; };
		CD80E1A021DD480B0073C975 /* setAirportRowController.swift */ = {isa = PBXFileReference; lastKnownFileType = sourcecode.swift; path = setAirportRowController.swift; sourceTree = "<group>"; };
		CD80E1A221DD492F0073C975 /* setAirportController.swift */ = {isa = PBXFileReference; lastKnownFileType = sourcecode.swift; path = setAirportController.swift; sourceTree = "<group>"; };
		CD80E1A421DD547F0073C975 /* inputAirport.swift */ = {isa = PBXFileReference; lastKnownFileType = sourcecode.swift; path = inputAirport.swift; sourceTree = "<group>"; };
		CD947DEE222EB0D30044D55D /* locationTools.swift */ = {isa = PBXFileReference; lastKnownFileType = sourcecode.swift; path = locationTools.swift; sourceTree = "<group>"; };
		CDC28A39220721F200DD3B0F /* runwayCalculations.swift */ = {isa = PBXFileReference; lastKnownFileType = sourcecode.swift; path = runwayCalculations.swift; sourceTree = "<group>"; };
		CDD1B00421DDF39800F53BCD /* MetarTafWtach Extension.entitlements */ = {isa = PBXFileReference; lastKnownFileType = text.plist.entitlements; path = "MetarTafWtach Extension.entitlements"; sourceTree = "<group>"; };
		CDD1B00521DDF4D100F53BCD /* MetarTafWtach.entitlements */ = {isa = PBXFileReference; lastKnownFileType = text.plist.entitlements; path = MetarTafWtach.entitlements; sourceTree = "<group>"; };
		CDD1B00621DDF4DA00F53BCD /* MetarTaf.entitlements */ = {isa = PBXFileReference; lastKnownFileType = text.plist.entitlements; path = MetarTaf.entitlements; sourceTree = "<group>"; };
		CDED946C2206075C005584F0 /* tafRowController.swift */ = {isa = PBXFileReference; lastKnownFileType = sourcecode.swift; path = tafRowController.swift; sourceTree = "<group>"; };
		CDFF10B321D3CBD90034718E /* altitudeInterfaceController.swift */ = {isa = PBXFileReference; lastKnownFileType = sourcecode.swift; path = altitudeInterfaceController.swift; sourceTree = "<group>"; };
/* End PBXFileReference section */

/* Begin PBXFrameworksBuildPhase section */
		CD7A66CC21CADFB100BE499F /* Frameworks */ = {
			isa = PBXFrameworksBuildPhase;
			buildActionMask = 2147483647;
			files = (
			);
			runOnlyForDeploymentPostprocessing = 0;
		};
		CD7A66E221CADFB300BE499F /* Frameworks */ = {
			isa = PBXFrameworksBuildPhase;
			buildActionMask = 2147483647;
			files = (
			);
			runOnlyForDeploymentPostprocessing = 0;
		};
		CD7A66ED21CADFB300BE499F /* Frameworks */ = {
			isa = PBXFrameworksBuildPhase;
			buildActionMask = 2147483647;
			files = (
			);
			runOnlyForDeploymentPostprocessing = 0;
		};
		CD7A670D21CAE62D00BE499F /* Frameworks */ = {
			isa = PBXFrameworksBuildPhase;
			buildActionMask = 2147483647;
			files = (
			);
			runOnlyForDeploymentPostprocessing = 0;
		};
/* End PBXFrameworksBuildPhase section */

/* Begin PBXGroup section */
		CD7A66C621CADFB100BE499F = {
			isa = PBXGroup;
			children = (
				CD7A66D121CADFB100BE499F /* MetarTaf */,
				CD7A66E821CADFB300BE499F /* MetarTafTests */,
				CD7A66F321CADFB300BE499F /* MetarTafUITests */,
				CD7A670521CAE62B00BE499F /* MetarTafWtach */,
				CD7A671421CAE62D00BE499F /* MetarTafWtach Extension */,
				CD7A66D021CADFB100BE499F /* Products */,
			);
			sourceTree = "<group>";
		};
		CD7A66D021CADFB100BE499F /* Products */ = {
			isa = PBXGroup;
			children = (
				CD7A66CF21CADFB100BE499F /* MetarTaf.app */,
				CD7A66E521CADFB300BE499F /* MetarTafTests.xctest */,
				CD7A66F021CADFB300BE499F /* MetarTafUITests.xctest */,
				CD7A670421CAE62B00BE499F /* MetarTafWtach.app */,
				CD7A671021CAE62D00BE499F /* MetarTafWtach Extension.appex */,
			);
			name = Products;
			sourceTree = "<group>";
		};
		CD7A66D121CADFB100BE499F /* MetarTaf */ = {
			isa = PBXGroup;
			children = (
				CDD1B00621DDF4DA00F53BCD /* MetarTaf.entitlements */,
				CD7A66D221CADFB100BE499F /* AppDelegate.swift */,
				CD7A66D821CADFB100BE499F /* Main.storyboard */,
				CD2EF24121EE6F12000F62B5 /* ViewController.swift */,
				CD7A66DB21CADFB300BE499F /* Assets.xcassets */,
				CD7A66DD21CADFB300BE499F /* LaunchScreen.storyboard */,
				CD7A66E021CADFB300BE499F /* Info.plist */,
			);
			path = MetarTaf;
			sourceTree = "<group>";
		};
		CD7A66E821CADFB300BE499F /* MetarTafTests */ = {
			isa = PBXGroup;
			children = (
				CD7A66E921CADFB300BE499F /* MetarTafTests.swift */,
				CD7A66EB21CADFB300BE499F /* Info.plist */,
			);
			path = MetarTafTests;
			sourceTree = "<group>";
		};
		CD7A66F321CADFB300BE499F /* MetarTafUITests */ = {
			isa = PBXGroup;
			children = (
				CD7A66F421CADFB300BE499F /* MetarTafUITests.swift */,
				CD7A66F621CADFB300BE499F /* Info.plist */,
			);
			path = MetarTafUITests;
			sourceTree = "<group>";
		};
		CD7A670521CAE62B00BE499F /* MetarTafWtach */ = {
			isa = PBXGroup;
			children = (
				CDD1B00521DDF4D100F53BCD /* MetarTafWtach.entitlements */,
				CD7A670621CAE62B00BE499F /* Interface.storyboard */,
				CD7A670921CAE62D00BE499F /* Assets.xcassets */,
				CD7A670B21CAE62D00BE499F /* Info.plist */,
			);
			path = MetarTafWtach;
			sourceTree = "<group>";
		};
		CD7A671421CAE62D00BE499F /* MetarTafWtach Extension */ = {
			isa = PBXGroup;
			children = (
				CD7A671521CAE62D00BE499F /* MainInterfaceController.swift */,
				CD7A672C21CAE6DB00BE499F /* airportRowController.swift */,
				CD73B9B921D0C8C4000B12CE /* weatherSymbolKeyCode.swift */,
				CD7A673021CEDA7000BE499F /* airportDetailCode.swift */,
				CDED946C2206075C005584F0 /* tafRowController.swift */,
				CD80E1A221DD492F0073C975 /* setAirportController.swift */,
				CD80E1A021DD480B0073C975 /* setAirportRowController.swift */,
				CD80E1A421DD547F0073C975 /* inputAirport.swift */,
				CDFF10B321D3CBD90034718E /* altitudeInterfaceController.swift */,
				CD73BBD721D0F881001206A0 /* weatherLegendRowController.swift */,
				CD698CD121F7C44700D1CD79 /* dataUpdater.swift */,
				CD7A671721CAE62D00BE499F /* ExtensionDelegate.swift */,
				CD7A671921CAE62D00BE499F /* NotificationController.swift */,
				CD7A671B21CAE62D00BE499F /* ComplicationController.swift */,
				CD7A671D21CAE62E00BE499F /* Assets.xcassets */,
				CD7A671F21CAE62E00BE499F /* Info.plist */,
				CDD1B00421DDF39800F53BCD /* MetarTafWtach Extension.entitlements */,
				CD7A672021CAE62E00BE499F /* PushNotificationPayload.apns */,
				CDC28A39220721F200DD3B0F /* runwayCalculations.swift */,
				CD947DEE222EB0D30044D55D /* locationTools.swift */,
			);
			path = "MetarTafWtach Extension";
			sourceTree = "<group>";
		};
/* End PBXGroup section */

/* Begin PBXNativeTarget section */
		CD7A66CE21CADFB100BE499F /* MetarTaf */ = {
			isa = PBXNativeTarget;
			buildConfigurationList = CD7A66F921CADFB300BE499F /* Build configuration list for PBXNativeTarget "MetarTaf" */;
			buildPhases = (
				CD7A66CB21CADFB100BE499F /* Sources */,
				CD7A66CC21CADFB100BE499F /* Frameworks */,
				CD7A66CD21CADFB100BE499F /* Resources */,
				CD7A672B21CAE62E00BE499F /* Embed Watch Content */,
			);
			buildRules = (
			);
			dependencies = (
				CD7A672221CAE62E00BE499F /* PBXTargetDependency */,
			);
			name = MetarTaf;
			productName = MetarTaf;
			productReference = CD7A66CF21CADFB100BE499F /* MetarTaf.app */;
			productType = "com.apple.product-type.application";
		};
		CD7A66E421CADFB300BE499F /* MetarTafTests */ = {
			isa = PBXNativeTarget;
			buildConfigurationList = CD7A66FC21CADFB300BE499F /* Build configuration list for PBXNativeTarget "MetarTafTests" */;
			buildPhases = (
				CD7A66E121CADFB300BE499F /* Sources */,
				CD7A66E221CADFB300BE499F /* Frameworks */,
				CD7A66E321CADFB300BE499F /* Resources */,
			);
			buildRules = (
			);
			dependencies = (
				CD7A66E721CADFB300BE499F /* PBXTargetDependency */,
			);
			name = MetarTafTests;
			productName = MetarTafTests;
			productReference = CD7A66E521CADFB300BE499F /* MetarTafTests.xctest */;
			productType = "com.apple.product-type.bundle.unit-test";
		};
		CD7A66EF21CADFB300BE499F /* MetarTafUITests */ = {
			isa = PBXNativeTarget;
			buildConfigurationList = CD7A66FF21CADFB300BE499F /* Build configuration list for PBXNativeTarget "MetarTafUITests" */;
			buildPhases = (
				CD7A66EC21CADFB300BE499F /* Sources */,
				CD7A66ED21CADFB300BE499F /* Frameworks */,
				CD7A66EE21CADFB300BE499F /* Resources */,
			);
			buildRules = (
			);
			dependencies = (
				CD7A66F221CADFB300BE499F /* PBXTargetDependency */,
			);
			name = MetarTafUITests;
			productName = MetarTafUITests;
			productReference = CD7A66F021CADFB300BE499F /* MetarTafUITests.xctest */;
			productType = "com.apple.product-type.bundle.ui-testing";
		};
		CD7A670321CAE62B00BE499F /* MetarTafWtach */ = {
			isa = PBXNativeTarget;
			buildConfigurationList = CD7A672821CAE62E00BE499F /* Build configuration list for PBXNativeTarget "MetarTafWtach" */;
			buildPhases = (
				CD7A670221CAE62B00BE499F /* Resources */,
				CD7A672721CAE62E00BE499F /* Embed App Extensions */,
			);
			buildRules = (
			);
			dependencies = (
				CD7A671321CAE62D00BE499F /* PBXTargetDependency */,
			);
			name = MetarTafWtach;
			productName = MetarTafWtach;
			productReference = CD7A670421CAE62B00BE499F /* MetarTafWtach.app */;
			productType = "com.apple.product-type.application.watchapp2";
		};
		CD7A670F21CAE62D00BE499F /* MetarTafWtach Extension */ = {
			isa = PBXNativeTarget;
			buildConfigurationList = CD7A672421CAE62E00BE499F /* Build configuration list for PBXNativeTarget "MetarTafWtach Extension" */;
			buildPhases = (
				CD7A670C21CAE62D00BE499F /* Sources */,
				CD7A670D21CAE62D00BE499F /* Frameworks */,
				CD7A670E21CAE62D00BE499F /* Resources */,
			);
			buildRules = (
			);
			dependencies = (
			);
			name = "MetarTafWtach Extension";
			productName = "MetarTafWtach Extension";
			productReference = CD7A671021CAE62D00BE499F /* MetarTafWtach Extension.appex */;
			productType = "com.apple.product-type.watchkit2-extension";
		};
/* End PBXNativeTarget section */

/* Begin PBXProject section */
		CD7A66C721CADFB100BE499F /* Project object */ = {
			isa = PBXProject;
			attributes = {
				LastSwiftUpdateCheck = 1010;
				LastUpgradeCheck = 1010;
				ORGANIZATIONNAME = "Patrick de Nonneville";
				TargetAttributes = {
					CD7A66CE21CADFB100BE499F = {
						CreatedOnToolsVersion = 10.1;
						LastSwiftMigration = 1020;
						SystemCapabilities = {
							com.apple.ApplicationGroups.iOS = {
								enabled = 1;
							};
							com.apple.BackgroundModes = {
								enabled = 0;
							};
						};
					};
					CD7A66E421CADFB300BE499F = {
						CreatedOnToolsVersion = 10.1;
						TestTargetID = CD7A66CE21CADFB100BE499F;
					};
					CD7A66EF21CADFB300BE499F = {
						CreatedOnToolsVersion = 10.1;
						TestTargetID = CD7A66CE21CADFB100BE499F;
					};
					CD7A670321CAE62B00BE499F = {
						CreatedOnToolsVersion = 10.1;
						SystemCapabilities = {
							com.apple.ApplicationGroups.iOS = {
								enabled = 1;
							};
						};
					};
					CD7A670F21CAE62D00BE499F = {
						CreatedOnToolsVersion = 10.1;
						LastSwiftMigration = 1020;
						SystemCapabilities = {
							com.apple.ApplicationGroups.iOS = {
								enabled = 1;
							};
							com.apple.BackgroundModes.watchos.extension = {
								enabled = 1;
							};
						};
					};
				};
			};
			buildConfigurationList = CD7A66CA21CADFB100BE499F /* Build configuration list for PBXProject "MetarTaf" */;
			compatibilityVersion = "Xcode 9.3";
			developmentRegion = en;
			hasScannedForEncodings = 0;
			knownRegions = (
				en,
				Base,
			);
			mainGroup = CD7A66C621CADFB100BE499F;
			productRefGroup = CD7A66D021CADFB100BE499F /* Products */;
			projectDirPath = "";
			projectRoot = "";
			targets = (
				CD7A66CE21CADFB100BE499F /* MetarTaf */,
				CD7A66E421CADFB300BE499F /* MetarTafTests */,
				CD7A66EF21CADFB300BE499F /* MetarTafUITests */,
				CD7A670321CAE62B00BE499F /* MetarTafWtach */,
				CD7A670F21CAE62D00BE499F /* MetarTafWtach Extension */,
			);
		};
/* End PBXProject section */

/* Begin PBXResourcesBuildPhase section */
		CD7A66CD21CADFB100BE499F /* Resources */ = {
			isa = PBXResourcesBuildPhase;
			buildActionMask = 2147483647;
			files = (
				CD7A66DF21CADFB300BE499F /* LaunchScreen.storyboard in Resources */,
				CD7A66DC21CADFB300BE499F /* Assets.xcassets in Resources */,
				CD7A66DA21CADFB100BE499F /* Main.storyboard in Resources */,
			);
			runOnlyForDeploymentPostprocessing = 0;
		};
		CD7A66E321CADFB300BE499F /* Resources */ = {
			isa = PBXResourcesBuildPhase;
			buildActionMask = 2147483647;
			files = (
			);
			runOnlyForDeploymentPostprocessing = 0;
		};
		CD7A66EE21CADFB300BE499F /* Resources */ = {
			isa = PBXResourcesBuildPhase;
			buildActionMask = 2147483647;
			files = (
			);
			runOnlyForDeploymentPostprocessing = 0;
		};
		CD7A670221CAE62B00BE499F /* Resources */ = {
			isa = PBXResourcesBuildPhase;
			buildActionMask = 2147483647;
			files = (
				CD7A670A21CAE62D00BE499F /* Assets.xcassets in Resources */,
				CD7A670821CAE62B00BE499F /* Interface.storyboard in Resources */,
			);
			runOnlyForDeploymentPostprocessing = 0;
		};
		CD7A670E21CAE62D00BE499F /* Resources */ = {
			isa = PBXResourcesBuildPhase;
			buildActionMask = 2147483647;
			files = (
				CD7A671E21CAE62E00BE499F /* Assets.xcassets in Resources */,
			);
			runOnlyForDeploymentPostprocessing = 0;
		};
/* End PBXResourcesBuildPhase section */

/* Begin PBXSourcesBuildPhase section */
		CD7A66CB21CADFB100BE499F /* Sources */ = {
			isa = PBXSourcesBuildPhase;
			buildActionMask = 2147483647;
			files = (
				CD2EF24221EE6F12000F62B5 /* ViewController.swift in Sources */,
				CD7A66D321CADFB100BE499F /* AppDelegate.swift in Sources */,
			);
			runOnlyForDeploymentPostprocessing = 0;
		};
		CD7A66E121CADFB300BE499F /* Sources */ = {
			isa = PBXSourcesBuildPhase;
			buildActionMask = 2147483647;
			files = (
				CD7A66EA21CADFB300BE499F /* MetarTafTests.swift in Sources */,
			);
			runOnlyForDeploymentPostprocessing = 0;
		};
		CD7A66EC21CADFB300BE499F /* Sources */ = {
			isa = PBXSourcesBuildPhase;
			buildActionMask = 2147483647;
			files = (
				CD7A66F521CADFB300BE499F /* MetarTafUITests.swift in Sources */,
			);
			runOnlyForDeploymentPostprocessing = 0;
		};
		CD7A670C21CAE62D00BE499F /* Sources */ = {
			isa = PBXSourcesBuildPhase;
			buildActionMask = 2147483647;
			files = (
				CDED946D2206075C005584F0 /* tafRowController.swift in Sources */,
				CD80E1A321DD492F0073C975 /* setAirportController.swift in Sources */,
				CD7A672D21CAE6DB00BE499F /* airportRowController.swift in Sources */,
				CDFF10B421D3CBD90034718E /* altitudeInterfaceController.swift in Sources */,
				CD80E1A521DD547F0073C975 /* inputAirport.swift in Sources */,
				CD73BBD821D0F881001206A0 /* weatherLegendRowController.swift in Sources */,
				CD80E1A121DD480B0073C975 /* setAirportRowController.swift in Sources */,
				CD7A671A21CAE62D00BE499F /* NotificationController.swift in Sources */,
				CD947DEF222EB0D30044D55D /* locationTools.swift in Sources */,
				CDC28A3A220721F200DD3B0F /* runwayCalculations.swift in Sources */,
				CD698CD221F7C44700D1CD79 /* dataUpdater.swift in Sources */,
				CD7A671C21CAE62D00BE499F /* ComplicationController.swift in Sources */,
				CD7A673121CEDA7000BE499F /* airportDetailCode.swift in Sources */,
				CD7A671821CAE62D00BE499F /* ExtensionDelegate.swift in Sources */,
				CD7A671621CAE62D00BE499F /* MainInterfaceController.swift in Sources */,
				CD73B9BA21D0C8C4000B12CE /* weatherSymbolKeyCode.swift in Sources */,
			);
			runOnlyForDeploymentPostprocessing = 0;
		};
/* End PBXSourcesBuildPhase section */

/* Begin PBXTargetDependency section */
		CD7A66E721CADFB300BE499F /* PBXTargetDependency */ = {
			isa = PBXTargetDependency;
			target = CD7A66CE21CADFB100BE499F /* MetarTaf */;
			targetProxy = CD7A66E621CADFB300BE499F /* PBXContainerItemProxy */;
		};
		CD7A66F221CADFB300BE499F /* PBXTargetDependency */ = {
			isa = PBXTargetDependency;
			target = CD7A66CE21CADFB100BE499F /* MetarTaf */;
			targetProxy = CD7A66F121CADFB300BE499F /* PBXContainerItemProxy */;
		};
		CD7A671321CAE62D00BE499F /* PBXTargetDependency */ = {
			isa = PBXTargetDependency;
			target = CD7A670F21CAE62D00BE499F /* MetarTafWtach Extension */;
			targetProxy = CD7A671221CAE62D00BE499F /* PBXContainerItemProxy */;
		};
		CD7A672221CAE62E00BE499F /* PBXTargetDependency */ = {
			isa = PBXTargetDependency;
			target = CD7A670321CAE62B00BE499F /* MetarTafWtach */;
			targetProxy = CD7A672121CAE62E00BE499F /* PBXContainerItemProxy */;
		};
/* End PBXTargetDependency section */

/* Begin PBXVariantGroup section */
		CD7A66D821CADFB100BE499F /* Main.storyboard */ = {
			isa = PBXVariantGroup;
			children = (
				CD7A66D921CADFB100BE499F /* Base */,
			);
			name = Main.storyboard;
			sourceTree = "<group>";
		};
		CD7A66DD21CADFB300BE499F /* LaunchScreen.storyboard */ = {
			isa = PBXVariantGroup;
			children = (
				CD7A66DE21CADFB300BE499F /* Base */,
			);
			name = LaunchScreen.storyboard;
			sourceTree = "<group>";
		};
		CD7A670621CAE62B00BE499F /* Interface.storyboard */ = {
			isa = PBXVariantGroup;
			children = (
				CD7A670721CAE62B00BE499F /* Base */,
			);
			name = Interface.storyboard;
			sourceTree = "<group>";
		};
/* End PBXVariantGroup section */

/* Begin XCBuildConfiguration section */
		CD7A66F721CADFB300BE499F /* Debug */ = {
			isa = XCBuildConfiguration;
			buildSettings = {
				ALWAYS_SEARCH_USER_PATHS = NO;
				CLANG_ANALYZER_NONNULL = YES;
				CLANG_ANALYZER_NUMBER_OBJECT_CONVERSION = YES_AGGRESSIVE;
				CLANG_CXX_LANGUAGE_STANDARD = "gnu++14";
				CLANG_CXX_LIBRARY = "libc++";
				CLANG_ENABLE_MODULES = YES;
				CLANG_ENABLE_OBJC_ARC = YES;
				CLANG_ENABLE_OBJC_WEAK = YES;
				CLANG_WARN_BLOCK_CAPTURE_AUTORELEASING = YES;
				CLANG_WARN_BOOL_CONVERSION = YES;
				CLANG_WARN_COMMA = YES;
				CLANG_WARN_CONSTANT_CONVERSION = YES;
				CLANG_WARN_DEPRECATED_OBJC_IMPLEMENTATIONS = YES;
				CLANG_WARN_DIRECT_OBJC_ISA_USAGE = YES_ERROR;
				CLANG_WARN_DOCUMENTATION_COMMENTS = YES;
				CLANG_WARN_EMPTY_BODY = YES;
				CLANG_WARN_ENUM_CONVERSION = YES;
				CLANG_WARN_INFINITE_RECURSION = YES;
				CLANG_WARN_INT_CONVERSION = YES;
				CLANG_WARN_NON_LITERAL_NULL_CONVERSION = YES;
				CLANG_WARN_OBJC_IMPLICIT_RETAIN_SELF = YES;
				CLANG_WARN_OBJC_LITERAL_CONVERSION = YES;
				CLANG_WARN_OBJC_ROOT_CLASS = YES_ERROR;
				CLANG_WARN_RANGE_LOOP_ANALYSIS = YES;
				CLANG_WARN_STRICT_PROTOTYPES = YES;
				CLANG_WARN_SUSPICIOUS_MOVE = YES;
				CLANG_WARN_UNGUARDED_AVAILABILITY = YES_AGGRESSIVE;
				CLANG_WARN_UNREACHABLE_CODE = YES;
				CLANG_WARN__DUPLICATE_METHOD_MATCH = YES;
				CODE_SIGN_IDENTITY = "iPhone Developer";
				COPY_PHASE_STRIP = NO;
				DEBUG_INFORMATION_FORMAT = dwarf;
				ENABLE_STRICT_OBJC_MSGSEND = YES;
				ENABLE_TESTABILITY = YES;
				GCC_C_LANGUAGE_STANDARD = gnu11;
				GCC_DYNAMIC_NO_PIC = NO;
				GCC_NO_COMMON_BLOCKS = YES;
				GCC_OPTIMIZATION_LEVEL = 0;
				GCC_PREPROCESSOR_DEFINITIONS = (
					"DEBUG=1",
					"$(inherited)",
				);
				GCC_WARN_64_TO_32_BIT_CONVERSION = YES;
				GCC_WARN_ABOUT_RETURN_TYPE = YES_ERROR;
				GCC_WARN_UNDECLARED_SELECTOR = YES;
				GCC_WARN_UNINITIALIZED_AUTOS = YES_AGGRESSIVE;
				GCC_WARN_UNUSED_FUNCTION = YES;
				GCC_WARN_UNUSED_VARIABLE = YES;
				IPHONEOS_DEPLOYMENT_TARGET = 12.1;
				MTL_ENABLE_DEBUG_INFO = INCLUDE_SOURCE;
				MTL_FAST_MATH = YES;
				ONLY_ACTIVE_ARCH = YES;
				SDKROOT = iphoneos;
				SWIFT_ACTIVE_COMPILATION_CONDITIONS = DEBUG;
				SWIFT_OPTIMIZATION_LEVEL = "-Onone";
			};
			name = Debug;
		};
		CD7A66F821CADFB300BE499F /* Release */ = {
			isa = XCBuildConfiguration;
			buildSettings = {
				ALWAYS_SEARCH_USER_PATHS = NO;
				CLANG_ANALYZER_NONNULL = YES;
				CLANG_ANALYZER_NUMBER_OBJECT_CONVERSION = YES_AGGRESSIVE;
				CLANG_CXX_LANGUAGE_STANDARD = "gnu++14";
				CLANG_CXX_LIBRARY = "libc++";
				CLANG_ENABLE_MODULES = YES;
				CLANG_ENABLE_OBJC_ARC = YES;
				CLANG_ENABLE_OBJC_WEAK = YES;
				CLANG_WARN_BLOCK_CAPTURE_AUTORELEASING = YES;
				CLANG_WARN_BOOL_CONVERSION = YES;
				CLANG_WARN_COMMA = YES;
				CLANG_WARN_CONSTANT_CONVERSION = YES;
				CLANG_WARN_DEPRECATED_OBJC_IMPLEMENTATIONS = YES;
				CLANG_WARN_DIRECT_OBJC_ISA_USAGE = YES_ERROR;
				CLANG_WARN_DOCUMENTATION_COMMENTS = YES;
				CLANG_WARN_EMPTY_BODY = YES;
				CLANG_WARN_ENUM_CONVERSION = YES;
				CLANG_WARN_INFINITE_RECURSION = YES;
				CLANG_WARN_INT_CONVERSION = YES;
				CLANG_WARN_NON_LITERAL_NULL_CONVERSION = YES;
				CLANG_WARN_OBJC_IMPLICIT_RETAIN_SELF = YES;
				CLANG_WARN_OBJC_LITERAL_CONVERSION = YES;
				CLANG_WARN_OBJC_ROOT_CLASS = YES_ERROR;
				CLANG_WARN_RANGE_LOOP_ANALYSIS = YES;
				CLANG_WARN_STRICT_PROTOTYPES = YES;
				CLANG_WARN_SUSPICIOUS_MOVE = YES;
				CLANG_WARN_UNGUARDED_AVAILABILITY = YES_AGGRESSIVE;
				CLANG_WARN_UNREACHABLE_CODE = YES;
				CLANG_WARN__DUPLICATE_METHOD_MATCH = YES;
				CODE_SIGN_IDENTITY = "iPhone Developer";
				COPY_PHASE_STRIP = NO;
				DEBUG_INFORMATION_FORMAT = "dwarf-with-dsym";
				ENABLE_NS_ASSERTIONS = NO;
				ENABLE_STRICT_OBJC_MSGSEND = YES;
				GCC_C_LANGUAGE_STANDARD = gnu11;
				GCC_NO_COMMON_BLOCKS = YES;
				GCC_WARN_64_TO_32_BIT_CONVERSION = YES;
				GCC_WARN_ABOUT_RETURN_TYPE = YES_ERROR;
				GCC_WARN_UNDECLARED_SELECTOR = YES;
				GCC_WARN_UNINITIALIZED_AUTOS = YES_AGGRESSIVE;
				GCC_WARN_UNUSED_FUNCTION = YES;
				GCC_WARN_UNUSED_VARIABLE = YES;
				IPHONEOS_DEPLOYMENT_TARGET = 12.1;
				MTL_ENABLE_DEBUG_INFO = NO;
				MTL_FAST_MATH = YES;
				SDKROOT = iphoneos;
				SWIFT_COMPILATION_MODE = wholemodule;
				SWIFT_OPTIMIZATION_LEVEL = "-O";
				VALIDATE_PRODUCT = YES;
			};
			name = Release;
		};
		CD7A66FA21CADFB300BE499F /* Debug */ = {
			isa = XCBuildConfiguration;
			buildSettings = {
				ASSETCATALOG_COMPILER_APPICON_NAME = AppIcon;
				CODE_SIGN_ENTITLEMENTS = MetarTaf/MetarTaf.entitlements;
				CODE_SIGN_STYLE = Automatic;
				CURRENT_PROJECT_VERSION = 2;
				DEVELOPMENT_TEAM = LR23F9534M;
				INFOPLIST_FILE = MetarTaf/Info.plist;
				LD_RUNPATH_SEARCH_PATHS = (
					"$(inherited)",
					"@executable_path/Frameworks",
				);
				PRODUCT_BUNDLE_IDENTIFIER = com.nonneville.com.metarTaf;
				PRODUCT_NAME = "$(TARGET_NAME)";
				SWIFT_VERSION = 5.0;
				TARGETED_DEVICE_FAMILY = "1,2";
				VERSIONING_SYSTEM = "apple-generic";
			};
			name = Debug;
		};
		CD7A66FB21CADFB300BE499F /* Release */ = {
			isa = XCBuildConfiguration;
			buildSettings = {
				ASSETCATALOG_COMPILER_APPICON_NAME = AppIcon;
				CODE_SIGN_ENTITLEMENTS = MetarTaf/MetarTaf.entitlements;
				CODE_SIGN_STYLE = Automatic;
				CURRENT_PROJECT_VERSION = 2;
				DEVELOPMENT_TEAM = LR23F9534M;
				INFOPLIST_FILE = MetarTaf/Info.plist;
				LD_RUNPATH_SEARCH_PATHS = (
					"$(inherited)",
					"@executable_path/Frameworks",
				);
				PRODUCT_BUNDLE_IDENTIFIER = com.nonneville.com.metarTaf;
				PRODUCT_NAME = "$(TARGET_NAME)";
				SWIFT_VERSION = 5.0;
				TARGETED_DEVICE_FAMILY = "1,2";
				VERSIONING_SYSTEM = "apple-generic";
			};
			name = Release;
		};
		CD7A66FD21CADFB300BE499F /* Debug */ = {
			isa = XCBuildConfiguration;
			buildSettings = {
				ALWAYS_EMBED_SWIFT_STANDARD_LIBRARIES = YES;
				BUNDLE_LOADER = "$(TEST_HOST)";
				CODE_SIGN_STYLE = Automatic;
				DEVELOPMENT_TEAM = LR23F9534M;
				INFOPLIST_FILE = MetarTafTests/Info.plist;
				LD_RUNPATH_SEARCH_PATHS = (
					"$(inherited)",
					"@executable_path/Frameworks",
					"@loader_path/Frameworks",
				);
				PRODUCT_BUNDLE_IDENTIFIER = com.nonneville.com.MetarTafTests;
				PRODUCT_NAME = "$(TARGET_NAME)";
				SWIFT_VERSION = 4.2;
				TARGETED_DEVICE_FAMILY = "1,2";
				TEST_HOST = "$(BUILT_PRODUCTS_DIR)/MetarTaf.app/MetarTaf";
			};
			name = Debug;
		};
		CD7A66FE21CADFB300BE499F /* Release */ = {
			isa = XCBuildConfiguration;
			buildSettings = {
				ALWAYS_EMBED_SWIFT_STANDARD_LIBRARIES = YES;
				BUNDLE_LOADER = "$(TEST_HOST)";
				CODE_SIGN_STYLE = Automatic;
				DEVELOPMENT_TEAM = LR23F9534M;
				INFOPLIST_FILE = MetarTafTests/Info.plist;
				LD_RUNPATH_SEARCH_PATHS = (
					"$(inherited)",
					"@executable_path/Frameworks",
					"@loader_path/Frameworks",
				);
				PRODUCT_BUNDLE_IDENTIFIER = com.nonneville.com.MetarTafTests;
				PRODUCT_NAME = "$(TARGET_NAME)";
				SWIFT_VERSION = 4.2;
				TARGETED_DEVICE_FAMILY = "1,2";
				TEST_HOST = "$(BUILT_PRODUCTS_DIR)/MetarTaf.app/MetarTaf";
			};
			name = Release;
		};
		CD7A670021CADFB300BE499F /* Debug */ = {
			isa = XCBuildConfiguration;
			buildSettings = {
				ALWAYS_EMBED_SWIFT_STANDARD_LIBRARIES = YES;
				CODE_SIGN_STYLE = Automatic;
				DEVELOPMENT_TEAM = LR23F9534M;
				INFOPLIST_FILE = MetarTafUITests/Info.plist;
				LD_RUNPATH_SEARCH_PATHS = (
					"$(inherited)",
					"@executable_path/Frameworks",
					"@loader_path/Frameworks",
				);
				PRODUCT_BUNDLE_IDENTIFIER = com.nonneville.com.MetarTafUITests;
				PRODUCT_NAME = "$(TARGET_NAME)";
				SWIFT_VERSION = 4.2;
				TARGETED_DEVICE_FAMILY = "1,2";
				TEST_TARGET_NAME = MetarTaf;
			};
			name = Debug;
		};
		CD7A670121CADFB300BE499F /* Release */ = {
			isa = XCBuildConfiguration;
			buildSettings = {
				ALWAYS_EMBED_SWIFT_STANDARD_LIBRARIES = YES;
				CODE_SIGN_STYLE = Automatic;
				DEVELOPMENT_TEAM = LR23F9534M;
				INFOPLIST_FILE = MetarTafUITests/Info.plist;
				LD_RUNPATH_SEARCH_PATHS = (
					"$(inherited)",
					"@executable_path/Frameworks",
					"@loader_path/Frameworks",
				);
				PRODUCT_BUNDLE_IDENTIFIER = com.nonneville.com.MetarTafUITests;
				PRODUCT_NAME = "$(TARGET_NAME)";
				SWIFT_VERSION = 4.2;
				TARGETED_DEVICE_FAMILY = "1,2";
				TEST_TARGET_NAME = MetarTaf;
			};
			name = Release;
		};
		CD7A672521CAE62E00BE499F /* Debug */ = {
			isa = XCBuildConfiguration;
			buildSettings = {
				ASSETCATALOG_COMPILER_COMPLICATION_NAME = Complication;
				CODE_SIGN_ENTITLEMENTS = "MetarTafWtach Extension/MetarTafWtach Extension.entitlements";
				CODE_SIGN_STYLE = Automatic;
				DEVELOPMENT_TEAM = LR23F9534M;
				INFOPLIST_FILE = "MetarTafWtach Extension/Info.plist";
				LD_RUNPATH_SEARCH_PATHS = (
					"$(inherited)",
					"@executable_path/Frameworks",
					"@executable_path/../../Frameworks",
				);
				PRODUCT_BUNDLE_IDENTIFIER = com.nonneville.com.metarTaf.watchkitapp.watchkitextension;
				PRODUCT_NAME = "${TARGET_NAME}";
				SDKROOT = watchos;
				SKIP_INSTALL = YES;
				SWIFT_VERSION = 5.0;
				TARGETED_DEVICE_FAMILY = 4;
				WATCHOS_DEPLOYMENT_TARGET = 5.1;
			};
			name = Debug;
		};
		CD7A672621CAE62E00BE499F /* Release */ = {
			isa = XCBuildConfiguration;
			buildSettings = {
				ASSETCATALOG_COMPILER_COMPLICATION_NAME = Complication;
				CODE_SIGN_ENTITLEMENTS = "MetarTafWtach Extension/MetarTafWtach Extension.entitlements";
				CODE_SIGN_STYLE = Automatic;
				DEVELOPMENT_TEAM = LR23F9534M;
				INFOPLIST_FILE = "MetarTafWtach Extension/Info.plist";
				LD_RUNPATH_SEARCH_PATHS = (
					"$(inherited)",
					"@executable_path/Frameworks",
					"@executable_path/../../Frameworks",
				);
				PRODUCT_BUNDLE_IDENTIFIER = com.nonneville.com.metarTaf.watchkitapp.watchkitextension;
				PRODUCT_NAME = "${TARGET_NAME}";
				SDKROOT = watchos;
				SKIP_INSTALL = YES;
				SWIFT_VERSION = 5.0;
				TARGETED_DEVICE_FAMILY = 4;
				WATCHOS_DEPLOYMENT_TARGET = 5.1;
			};
			name = Release;
		};
		CD7A672921CAE62E00BE499F /* Debug */ = {
			isa = XCBuildConfiguration;
			buildSettings = {
				ALWAYS_EMBED_SWIFT_STANDARD_LIBRARIES = YES;
				ASSETCATALOG_COMPILER_APPICON_NAME = AppIcon;
				CODE_SIGN_ENTITLEMENTS = MetarTafWtach/MetarTafWtach.entitlements;
				CODE_SIGN_STYLE = Automatic;
				DEVELOPMENT_TEAM = LR23F9534M;
				IBSC_MODULE = MetarTafWtach_Extension;
				INFOPLIST_FILE = MetarTafWtach/Info.plist;
				PRODUCT_BUNDLE_IDENTIFIER = com.nonneville.com.metarTaf.watchkitapp;
				PRODUCT_NAME = "$(TARGET_NAME)";
				SDKROOT = watchos;
				SKIP_INSTALL = YES;
				SWIFT_VERSION = 4.2;
				TARGETED_DEVICE_FAMILY = 4;
				WATCHOS_DEPLOYMENT_TARGET = 5.1;
			};
			name = Debug;
		};
		CD7A672A21CAE62E00BE499F /* Release */ = {
			isa = XCBuildConfiguration;
			buildSettings = {
				ALWAYS_EMBED_SWIFT_STANDARD_LIBRARIES = YES;
				ASSETCATALOG_COMPILER_APPICON_NAME = AppIcon;
				CODE_SIGN_ENTITLEMENTS = MetarTafWtach/MetarTafWtach.entitlements;
				CODE_SIGN_STYLE = Automatic;
				DEVELOPMENT_TEAM = LR23F9534M;
				IBSC_MODULE = MetarTafWtach_Extension;
				INFOPLIST_FILE = MetarTafWtach/Info.plist;
				PRODUCT_BUNDLE_IDENTIFIER = com.nonneville.com.metarTaf.watchkitapp;
				PRODUCT_NAME = "$(TARGET_NAME)";
				SDKROOT = watchos;
				SKIP_INSTALL = YES;
				SWIFT_VERSION = 4.2;
				TARGETED_DEVICE_FAMILY = 4;
				WATCHOS_DEPLOYMENT_TARGET = 5.1;
			};
			name = Release;
		};
/* End XCBuildConfiguration section */

/* Begin XCConfigurationList section */
		CD7A66CA21CADFB100BE499F /* Build configuration list for PBXProject "MetarTaf" */ = {
			isa = XCConfigurationList;
			buildConfigurations = (
				CD7A66F721CADFB300BE499F /* Debug */,
				CD7A66F821CADFB300BE499F /* Release */,
			);
			defaultConfigurationIsVisible = 0;
			defaultConfigurationName = Release;
		};
		CD7A66F921CADFB300BE499F /* Build configuration list for PBXNativeTarget "MetarTaf" */ = {
			isa = XCConfigurationList;
			buildConfigurations = (
				CD7A66FA21CADFB300BE499F /* Debug */,
				CD7A66FB21CADFB300BE499F /* Release */,
			);
			defaultConfigurationIsVisible = 0;
			defaultConfigurationName = Release;
		};
		CD7A66FC21CADFB300BE499F /* Build configuration list for PBXNativeTarget "MetarTafTests" */ = {
			isa = XCConfigurationList;
			buildConfigurations = (
				CD7A66FD21CADFB300BE499F /* Debug */,
				CD7A66FE21CADFB300BE499F /* Release */,
			);
			defaultConfigurationIsVisible = 0;
			defaultConfigurationName = Release;
		};
		CD7A66FF21CADFB300BE499F /* Build configuration list for PBXNativeTarget "MetarTafUITests" */ = {
			isa = XCConfigurationList;
			buildConfigurations = (
				CD7A670021CADFB300BE499F /* Debug */,
				CD7A670121CADFB300BE499F /* Release */,
			);
			defaultConfigurationIsVisible = 0;
			defaultConfigurationName = Release;
		};
		CD7A672421CAE62E00BE499F /* Build configuration list for PBXNativeTarget "MetarTafWtach Extension" */ = {
			isa = XCConfigurationList;
			buildConfigurations = (
				CD7A672521CAE62E00BE499F /* Debug */,
				CD7A672621CAE62E00BE499F /* Release */,
			);
			defaultConfigurationIsVisible = 0;
			defaultConfigurationName = Release;
		};
		CD7A672821CAE62E00BE499F /* Build configuration list for PBXNativeTarget "MetarTafWtach" */ = {
			isa = XCConfigurationList;
			buildConfigurations = (
				CD7A672921CAE62E00BE499F /* Debug */,
				CD7A672A21CAE62E00BE499F /* Release */,
			);
			defaultConfigurationIsVisible = 0;
			defaultConfigurationName = Release;
		};
/* End XCConfigurationList section */
	};
	rootObject = CD7A66C721CADFB100BE499F /* Project object */;
}
