{
  "object": {
    "pins": [
      {
        "package": "Solar",
        "repositoryURL": "https://github.com/ceeK/Solar.git",
        "state": {
          "branch": "master",
          "revision": "bd2ecd620f19a16d9614f9bee2fc42b012bb0019",
          "version": null
        }
      }
    ]
  },
  "version": 1
}
